// !$*UTF8*$!
{
	archiveVersion = 1;
	classes = {
	};
	objectVersion = 56;
	objects = {

/* Begin PBXBuildFile section */
		3B9ABA232C088F8300E986BA /* DCMonthCollectionViewCell.swift in Sources */ = {isa = PBXBuildFile; fileRef = 3B9ABA222C088F8300E986BA /* DCMonthCollectionViewCell.swift */; };
		3B9ABA272C08907B00E986BA /* DCalendarMonthItem.swift in Sources */ = {isa = PBXBuildFile; fileRef = 3B9ABA262C08907B00E986BA /* DCalendarMonthItem.swift */; };
		3B9ABA2A2C08969400E986BA /* DeltaCalendarViewModel.swift in Sources */ = {isa = PBXBuildFile; fileRef = 3B9ABA292C08969400E986BA /* DeltaCalendarViewModel.swift */; };
		3B9ABA2D2C08A68E00E986BA /* Date+Extension.swift in Sources */ = {isa = PBXBuildFile; fileRef = 3B9ABA2C2C08A68E00E986BA /* Date+Extension.swift */; };
		3B9ABA312C08B27B00E986BA /* DCalendarYearItem.swift in Sources */ = {isa = PBXBuildFile; fileRef = 3B9ABA302C08B27B00E986BA /* DCalendarYearItem.swift */; };
		3BB07A7D2C07596700D9E052 /* AppDelegate.swift in Sources */ = {isa = PBXBuildFile; fileRef = 3BB07A7C2C07596700D9E052 /* AppDelegate.swift */; };
		3BB07A7F2C07596700D9E052 /* SceneDelegate.swift in Sources */ = {isa = PBXBuildFile; fileRef = 3BB07A7E2C07596700D9E052 /* SceneDelegate.swift */; };
		3BB07A862C07596800D9E052 /* Assets.xcassets in Resources */ = {isa = PBXBuildFile; fileRef = 3BB07A852C07596800D9E052 /* Assets.xcassets */; };
		3BB07A912C0759CA00D9E052 /* LaunchScreen.storyboard in Resources */ = {isa = PBXBuildFile; fileRef = 3BB07A902C0759CA00D9E052 /* LaunchScreen.storyboard */; };
		3BB07A952C075AFD00D9E052 /* DCTestingViewController.swift in Sources */ = {isa = PBXBuildFile; fileRef = 3BB07A942C075AFD00D9E052 /* DCTestingViewController.swift */; };
		3BB07A982C075B9200D9E052 /* SnapKit in Frameworks */ = {isa = PBXBuildFile; productRef = 3BB07A972C075B9200D9E052 /* SnapKit */; };
		3BB07A9D2C075BDE00D9E052 /* DeltaCalendarView.swift in Sources */ = {isa = PBXBuildFile; fileRef = 3BB07A9C2C075BDE00D9E052 /* DeltaCalendarView.swift */; };
		3BB07AA02C075C6900D9E052 /* DCSizesResources.swift in Sources */ = {isa = PBXBuildFile; fileRef = 3BB07A9F2C075C6900D9E052 /* DCSizesResources.swift */; };
		3BB07AA42C076E8A00D9E052 /* DCTextResources.swift in Sources */ = {isa = PBXBuildFile; fileRef = 3BB07AA32C076E8A00D9E052 /* DCTextResources.swift */; };
		3BB07AA72C076F3900D9E052 /* DCalendarTheme.swift in Sources */ = {isa = PBXBuildFile; fileRef = 3BB07AA62C076F3900D9E052 /* DCalendarTheme.swift */; };
		3BB07AA92C0770BD00D9E052 /* DCalendarSection.swift in Sources */ = {isa = PBXBuildFile; fileRef = 3BB07AA82C0770BD00D9E052 /* DCalendarSection.swift */; };
		3BB07AAD2C0775C200D9E052 /* DCDayCollectionViewCell.swift in Sources */ = {isa = PBXBuildFile; fileRef = 3BB07AAC2C0775C200D9E052 /* DCDayCollectionViewCell.swift */; };
		3BB07AB62C077D5E00D9E052 /* DCalendarDayItem.swift in Sources */ = {isa = PBXBuildFile; fileRef = 3BB07AB52C077D5E00D9E052 /* DCalendarDayItem.swift */; };
		3BB07AB82C077E3D00D9E052 /* DCCalendarColors.swift in Sources */ = {isa = PBXBuildFile; fileRef = 3BB07AB72C077E3D00D9E052 /* DCCalendarColors.swift */; };
		3BB07ABC2C07805700D9E052 /* DCalendarDaysLayout.swift in Sources */ = {isa = PBXBuildFile; fileRef = 3BB07ABB2C07805700D9E052 /* DCalendarDaysLayout.swift */; };
		3BB07ABE2C0780DC00D9E052 /* DCColorsResources.swift in Sources */ = {isa = PBXBuildFile; fileRef = 3BB07ABD2C0780DC00D9E052 /* DCColorsResources.swift */; };
		3BB07AC02C07814800D9E052 /* DCFontsResources.swift in Sources */ = {isa = PBXBuildFile; fileRef = 3BB07ABF2C07814800D9E052 /* DCFontsResources.swift */; };
		3BB07AC22C07830700D9E052 /* DCResources.swift in Sources */ = {isa = PBXBuildFile; fileRef = 3BB07AC12C07830700D9E052 /* DCResources.swift */; };
		3BDFEC202C09D91C00FE84F8 /* DCalendarMonthLayout.swift in Sources */ = {isa = PBXBuildFile; fileRef = 3BDFEC1F2C09D91C00FE84F8 /* DCalendarMonthLayout.swift */; };
		3BE0C41C2C0A10BB00915A6B /* Segoe UI.ttf in Resources */ = {isa = PBXBuildFile; fileRef = 3BE0C41A2C0A10B700915A6B /* Segoe UI.ttf */; };
		3BE0C41D2C0A10BD00915A6B /* Segoe UI Bold.ttf in Resources */ = {isa = PBXBuildFile; fileRef = 3BE0C41B2C0A10B700915A6B /* Segoe UI Bold.ttf */; };
		3BE0C4202C0A164000915A6B /* DCWeekDaysCollectionReusableView.swift in Sources */ = {isa = PBXBuildFile; fileRef = 3BE0C41F2C0A164000915A6B /* DCWeekDaysCollectionReusableView.swift */; };
/* End PBXBuildFile section */

/* Begin PBXFileReference section */
		3B9ABA222C088F8300E986BA /* DCMonthCollectionViewCell.swift */ = {isa = PBXFileReference; lastKnownFileType = sourcecode.swift; path = DCMonthCollectionViewCell.swift; sourceTree = "<group>"; };
		3B9ABA262C08907B00E986BA /* DCalendarMonthItem.swift */ = {isa = PBXFileReference; lastKnownFileType = sourcecode.swift; path = DCalendarMonthItem.swift; sourceTree = "<group>"; };
		3B9ABA292C08969400E986BA /* DeltaCalendarViewModel.swift */ = {isa = PBXFileReference; lastKnownFileType = sourcecode.swift; path = DeltaCalendarViewModel.swift; sourceTree = "<group>"; };
		3B9ABA2C2C08A68E00E986BA /* Date+Extension.swift */ = {isa = PBXFileReference; lastKnownFileType = sourcecode.swift; path = "Date+Extension.swift"; sourceTree = "<group>"; };
		3B9ABA302C08B27B00E986BA /* DCalendarYearItem.swift */ = {isa = PBXFileReference; lastKnownFileType = sourcecode.swift; path = DCalendarYearItem.swift; sourceTree = "<group>"; };
		3BB07A792C07596700D9E052 /* DeltaCalendarIOS.app */ = {isa = PBXFileReference; explicitFileType = wrapper.application; includeInIndex = 0; path = DeltaCalendarIOS.app; sourceTree = BUILT_PRODUCTS_DIR; };
		3BB07A7C2C07596700D9E052 /* AppDelegate.swift */ = {isa = PBXFileReference; lastKnownFileType = sourcecode.swift; path = AppDelegate.swift; sourceTree = "<group>"; };
		3BB07A7E2C07596700D9E052 /* SceneDelegate.swift */ = {isa = PBXFileReference; lastKnownFileType = sourcecode.swift; path = SceneDelegate.swift; sourceTree = "<group>"; };
		3BB07A852C07596800D9E052 /* Assets.xcassets */ = {isa = PBXFileReference; lastKnownFileType = folder.assetcatalog; path = Assets.xcassets; sourceTree = "<group>"; };
		3BB07A8A2C07596800D9E052 /* Info.plist */ = {isa = PBXFileReference; lastKnownFileType = text.plist.xml; path = Info.plist; sourceTree = "<group>"; };
		3BB07A902C0759CA00D9E052 /* LaunchScreen.storyboard */ = {isa = PBXFileReference; fileEncoding = 4; lastKnownFileType = file.storyboard; path = LaunchScreen.storyboard; sourceTree = "<group>"; };
		3BB07A942C075AFD00D9E052 /* DCTestingViewController.swift */ = {isa = PBXFileReference; lastKnownFileType = sourcecode.swift; path = DCTestingViewController.swift; sourceTree = "<group>"; };
		3BB07A9C2C075BDE00D9E052 /* DeltaCalendarView.swift */ = {isa = PBXFileReference; lastKnownFileType = sourcecode.swift; path = DeltaCalendarView.swift; sourceTree = "<group>"; };
		3BB07A9F2C075C6900D9E052 /* DCSizesResources.swift */ = {isa = PBXFileReference; lastKnownFileType = sourcecode.swift; path = DCSizesResources.swift; sourceTree = "<group>"; };
		3BB07AA32C076E8A00D9E052 /* DCTextResources.swift */ = {isa = PBXFileReference; lastKnownFileType = sourcecode.swift; path = DCTextResources.swift; sourceTree = "<group>"; };
		3BB07AA62C076F3900D9E052 /* DCalendarTheme.swift */ = {isa = PBXFileReference; lastKnownFileType = sourcecode.swift; path = DCalendarTheme.swift; sourceTree = "<group>"; };
		3BB07AA82C0770BD00D9E052 /* DCalendarSection.swift */ = {isa = PBXFileReference; lastKnownFileType = sourcecode.swift; path = DCalendarSection.swift; sourceTree = "<group>"; };
		3BB07AAC2C0775C200D9E052 /* DCDayCollectionViewCell.swift */ = {isa = PBXFileReference; lastKnownFileType = sourcecode.swift; path = DCDayCollectionViewCell.swift; sourceTree = "<group>"; };
		3BB07AB52C077D5E00D9E052 /* DCalendarDayItem.swift */ = {isa = PBXFileReference; lastKnownFileType = sourcecode.swift; path = DCalendarDayItem.swift; sourceTree = "<group>"; };
		3BB07AB72C077E3D00D9E052 /* DCCalendarColors.swift */ = {isa = PBXFileReference; lastKnownFileType = sourcecode.swift; path = DCCalendarColors.swift; sourceTree = "<group>"; };
		3BB07ABB2C07805700D9E052 /* DCalendarDaysLayout.swift */ = {isa = PBXFileReference; lastKnownFileType = sourcecode.swift; path = DCalendarDaysLayout.swift; sourceTree = "<group>"; };
		3BB07ABD2C0780DC00D9E052 /* DCColorsResources.swift */ = {isa = PBXFileReference; fileEncoding = 4; lastKnownFileType = sourcecode.swift; path = DCColorsResources.swift; sourceTree = "<group>"; };
		3BB07ABF2C07814800D9E052 /* DCFontsResources.swift */ = {isa = PBXFileReference; fileEncoding = 4; lastKnownFileType = sourcecode.swift; path = DCFontsResources.swift; sourceTree = "<group>"; };
		3BB07AC12C07830700D9E052 /* DCResources.swift */ = {isa = PBXFileReference; lastKnownFileType = sourcecode.swift; path = DCResources.swift; sourceTree = "<group>"; };
		3BDFEC1F2C09D91C00FE84F8 /* DCalendarMonthLayout.swift */ = {isa = PBXFileReference; fileEncoding = 4; lastKnownFileType = sourcecode.swift; path = DCalendarMonthLayout.swift; sourceTree = "<group>"; };
		3BE0C41A2C0A10B700915A6B /* Segoe UI.ttf */ = {isa = PBXFileReference; lastKnownFileType = file; path = "Segoe UI.ttf"; sourceTree = "<group>"; };
		3BE0C41B2C0A10B700915A6B /* Segoe UI Bold.ttf */ = {isa = PBXFileReference; lastKnownFileType = file; path = "Segoe UI Bold.ttf"; sourceTree = "<group>"; };
		3BE0C41F2C0A164000915A6B /* DCWeekDaysCollectionReusableView.swift */ = {isa = PBXFileReference; lastKnownFileType = sourcecode.swift; path = DCWeekDaysCollectionReusableView.swift; sourceTree = "<group>"; };
/* End PBXFileReference section */

/* Begin PBXFrameworksBuildPhase section */
		3BB07A762C07596700D9E052 /* Frameworks */ = {
			isa = PBXFrameworksBuildPhase;
			buildActionMask = 2147483647;
			files = (
				3BB07A982C075B9200D9E052 /* SnapKit in Frameworks */,
			);
			runOnlyForDeploymentPostprocessing = 0;
		};
/* End PBXFrameworksBuildPhase section */

/* Begin PBXGroup section */
		3B9777D02C0A00A300C64E72 /* CustomFonts */ = {
			isa = PBXGroup;
			children = (
				3BE0C41B2C0A10B700915A6B /* Segoe UI Bold.ttf */,
				3BE0C41A2C0A10B700915A6B /* Segoe UI.ttf */,
			);
			path = CustomFonts;
			sourceTree = "<group>";
		};
		3B9ABA282C08967400E986BA /* ViewModels */ = {
			isa = PBXGroup;
			children = (
				3B9ABA292C08969400E986BA /* DeltaCalendarViewModel.swift */,
			);
			path = ViewModels;
			sourceTree = "<group>";
		};
		3B9ABA2B2C08A68000E986BA /* Extensions */ = {
			isa = PBXGroup;
			children = (
				3B9ABA2C2C08A68E00E986BA /* Date+Extension.swift */,
			);
			path = Extensions;
			sourceTree = "<group>";
		};
		3BB07A702C07596700D9E052 = {
			isa = PBXGroup;
			children = (
				3BB07A7B2C07596700D9E052 /* DeltaCalendarIOS */,
				3BB07A7A2C07596700D9E052 /* Products */,
			);
			sourceTree = "<group>";
		};
		3BB07A7A2C07596700D9E052 /* Products */ = {
			isa = PBXGroup;
			children = (
				3BB07A792C07596700D9E052 /* DeltaCalendarIOS.app */,
			);
			name = Products;
			sourceTree = "<group>";
		};
		3BB07A7B2C07596700D9E052 /* DeltaCalendarIOS */ = {
			isa = PBXGroup;
			children = (
				3BB07A922C075A0100D9E052 /* Sources */,
				3BB07A852C07596800D9E052 /* Assets.xcassets */,
			);
			path = DeltaCalendarIOS;
			sourceTree = "<group>";
		};
		3BB07A922C075A0100D9E052 /* Sources */ = {
			isa = PBXGroup;
			children = (
				3BB07A932C075A0700D9E052 /* Application */,
				3BB07A992C075BBF00D9E052 /* Components */,
				3B9ABA2B2C08A68000E986BA /* Extensions */,
				3BB07AA52C076F2500D9E052 /* Models */,
				3BB07A9E2C075C5A00D9E052 /* Resources */,
				3B9ABA282C08967400E986BA /* ViewModels */,
			);
			path = Sources;
			sourceTree = "<group>";
		};
		3BB07A932C075A0700D9E052 /* Application */ = {
			isa = PBXGroup;
			children = (
				3BB07A8A2C07596800D9E052 /* Info.plist */,
				3BB07A902C0759CA00D9E052 /* LaunchScreen.storyboard */,
				3BB07A7C2C07596700D9E052 /* AppDelegate.swift */,
				3BB07A7E2C07596700D9E052 /* SceneDelegate.swift */,
				3BB07A942C075AFD00D9E052 /* DCTestingViewController.swift */,
			);
			path = Application;
			sourceTree = "<group>";
		};
		3BB07A992C075BBF00D9E052 /* Components */ = {
			isa = PBXGroup;
			children = (
				3BB07A9A2C075BC700D9E052 /* UI */,
			);
			path = Components;
			sourceTree = "<group>";
		};
		3BB07A9A2C075BC700D9E052 /* UI */ = {
			isa = PBXGroup;
			children = (
				3BB07AAA2C07755E00D9E052 /* Collection */,
				3BB07A9B2C075BD000D9E052 /* Views */,
			);
			path = UI;
			sourceTree = "<group>";
		};
		3BB07A9B2C075BD000D9E052 /* Views */ = {
			isa = PBXGroup;
			children = (
				3BB07A9C2C075BDE00D9E052 /* DeltaCalendarView.swift */,
			);
			path = Views;
			sourceTree = "<group>";
		};
		3BB07A9E2C075C5A00D9E052 /* Resources */ = {
			isa = PBXGroup;
			children = (
				3BB07ABD2C0780DC00D9E052 /* DCColorsResources.swift */,
				3BB07ABF2C07814800D9E052 /* DCFontsResources.swift */,
				3BB07AC12C07830700D9E052 /* DCResources.swift */,
				3BB07A9F2C075C6900D9E052 /* DCSizesResources.swift */,
				3BB07AA32C076E8A00D9E052 /* DCTextResources.swift */,
				3B9777D02C0A00A300C64E72 /* CustomFonts */,
			);
			path = Resources;
			sourceTree = "<group>";
		};
		3BB07AA52C076F2500D9E052 /* Models */ = {
			isa = PBXGroup;
			children = (
				3BB07AB52C077D5E00D9E052 /* DCalendarDayItem.swift */,
				3B9ABA262C08907B00E986BA /* DCalendarMonthItem.swift */,
				3BB07AA82C0770BD00D9E052 /* DCalendarSection.swift */,
				3BB07AA62C076F3900D9E052 /* DCalendarTheme.swift */,
				3B9ABA302C08B27B00E986BA /* DCalendarYearItem.swift */,
				3BB07AB72C077E3D00D9E052 /* DCCalendarColors.swift */,
			);
			path = Models;
			sourceTree = "<group>";
		};
		3BB07AAA2C07755E00D9E052 /* Collection */ = {
			isa = PBXGroup;
			children = (
				3BB07AAB2C07756B00D9E052 /* Cells */,
				3BB07ABA2C07802E00D9E052 /* Layouts */,
				3BE0C41E2C0A160200915A6B /* ReusableViews */,
			);
			path = Collection;
			sourceTree = "<group>";
		};
		3BB07AAB2C07756B00D9E052 /* Cells */ = {
			isa = PBXGroup;
			children = (
				3BB07AAC2C0775C200D9E052 /* DCDayCollectionViewCell.swift */,
				3B9ABA222C088F8300E986BA /* DCMonthCollectionViewCell.swift */,
			);
			path = Cells;
			sourceTree = "<group>";
		};
		3BB07ABA2C07802E00D9E052 /* Layouts */ = {
			isa = PBXGroup;
			children = (
				3BB07ABB2C07805700D9E052 /* DCalendarDaysLayout.swift */,
				3BDFEC1F2C09D91C00FE84F8 /* DCalendarMonthLayout.swift */,
			);
			path = Layouts;
			sourceTree = "<group>";
		};
		3BE0C41E2C0A160200915A6B /* ReusableViews */ = {
			isa = PBXGroup;
			children = (
				3BE0C41F2C0A164000915A6B /* DCWeekDaysCollectionReusableView.swift */,
			);
			path = ReusableViews;
			sourceTree = "<group>";
		};
/* End PBXGroup section */

/* Begin PBXNativeTarget section */
		3BB07A782C07596700D9E052 /* DeltaCalendarIOS */ = {
			isa = PBXNativeTarget;
			buildConfigurationList = 3BB07A8D2C07596800D9E052 /* Build configuration list for PBXNativeTarget "DeltaCalendarIOS" */;
			buildPhases = (
				3BB07A752C07596700D9E052 /* Sources */,
				3BB07A762C07596700D9E052 /* Frameworks */,
				3BB07A772C07596700D9E052 /* Resources */,
			);
			buildRules = (
			);
			dependencies = (
			);
			name = DeltaCalendarIOS;
			packageProductDependencies = (
				3BB07A972C075B9200D9E052 /* SnapKit */,
			);
			productName = DeltaCalendarIOS;
			productReference = 3BB07A792C07596700D9E052 /* DeltaCalendarIOS.app */;
			productType = "com.apple.product-type.application";
		};
/* End PBXNativeTarget section */

/* Begin PBXProject section */
		3BB07A712C07596700D9E052 /* Project object */ = {
			isa = PBXProject;
			attributes = {
				BuildIndependentTargetsInParallel = 1;
				LastSwiftUpdateCheck = 1530;
				LastUpgradeCheck = 1530;
				TargetAttributes = {
					3BB07A782C07596700D9E052 = {
						CreatedOnToolsVersion = 15.3;
					};
				};
			};
			buildConfigurationList = 3BB07A742C07596700D9E052 /* Build configuration list for PBXProject "DeltaCalendarIOS" */;
			compatibilityVersion = "Xcode 14.0";
			developmentRegion = en;
			hasScannedForEncodings = 0;
			knownRegions = (
				en,
				Base,
			);
			mainGroup = 3BB07A702C07596700D9E052;
			packageReferences = (
				3BB07A962C075B9200D9E052 /* XCRemoteSwiftPackageReference "SnapKit" */,
			);
			productRefGroup = 3BB07A7A2C07596700D9E052 /* Products */;
			projectDirPath = "";
			projectRoot = "";
			targets = (
				3BB07A782C07596700D9E052 /* DeltaCalendarIOS */,
			);
		};
/* End PBXProject section */

/* Begin PBXResourcesBuildPhase section */
		3BB07A772C07596700D9E052 /* Resources */ = {
			isa = PBXResourcesBuildPhase;
			buildActionMask = 2147483647;
			files = (
				3BE0C41C2C0A10BB00915A6B /* Segoe UI.ttf in Resources */,
				3BB07A862C07596800D9E052 /* Assets.xcassets in Resources */,
				3BB07A912C0759CA00D9E052 /* LaunchScreen.storyboard in Resources */,
				3BE0C41D2C0A10BD00915A6B /* Segoe UI Bold.ttf in Resources */,
			);
			runOnlyForDeploymentPostprocessing = 0;
		};
/* End PBXResourcesBuildPhase section */

/* Begin PBXSourcesBuildPhase section */
		3BB07A752C07596700D9E052 /* Sources */ = {
			isa = PBXSourcesBuildPhase;
			buildActionMask = 2147483647;
			files = (
				3BB07A952C075AFD00D9E052 /* DCTestingViewController.swift in Sources */,
				3BB07AAD2C0775C200D9E052 /* DCDayCollectionViewCell.swift in Sources */,
				3BB07AA72C076F3900D9E052 /* DCalendarTheme.swift in Sources */,
				3B9ABA2A2C08969400E986BA /* DeltaCalendarViewModel.swift in Sources */,
				3BB07AA42C076E8A00D9E052 /* DCTextResources.swift in Sources */,
				3B9ABA2D2C08A68E00E986BA /* Date+Extension.swift in Sources */,
				3BB07ABE2C0780DC00D9E052 /* DCColorsResources.swift in Sources */,
				3BB07AA92C0770BD00D9E052 /* DCalendarSection.swift in Sources */,
				3B9ABA272C08907B00E986BA /* DCalendarMonthItem.swift in Sources */,
				3BB07AA02C075C6900D9E052 /* DCSizesResources.swift in Sources */,
				3BB07AC02C07814800D9E052 /* DCFontsResources.swift in Sources */,
				3BB07A9D2C075BDE00D9E052 /* DeltaCalendarView.swift in Sources */,
				3B9ABA312C08B27B00E986BA /* DCalendarYearItem.swift in Sources */,
				3BB07AB82C077E3D00D9E052 /* DCCalendarColors.swift in Sources */,
				3BDFEC202C09D91C00FE84F8 /* DCalendarMonthLayout.swift in Sources */,
				3BB07A7D2C07596700D9E052 /* AppDelegate.swift in Sources */,
				3BB07ABC2C07805700D9E052 /* DCalendarDaysLayout.swift in Sources */,
				3B9ABA232C088F8300E986BA /* DCMonthCollectionViewCell.swift in Sources */,
				3BB07A7F2C07596700D9E052 /* SceneDelegate.swift in Sources */,
				3BB07AB62C077D5E00D9E052 /* DCalendarDayItem.swift in Sources */,
				3BB07AC22C07830700D9E052 /* DCResources.swift in Sources */,
				3BE0C4202C0A164000915A6B /* DCWeekDaysCollectionReusableView.swift in Sources */,
			);
			runOnlyForDeploymentPostprocessing = 0;
		};
/* End PBXSourcesBuildPhase section */

/* Begin XCBuildConfiguration section */
		3BB07A8B2C07596800D9E052 /* Debug */ = {
			isa = XCBuildConfiguration;
			buildSettings = {
				ALWAYS_SEARCH_USER_PATHS = NO;
				ASSETCATALOG_COMPILER_GENERATE_SWIFT_ASSET_SYMBOL_EXTENSIONS = YES;
				CLANG_ANALYZER_NONNULL = YES;
				CLANG_ANALYZER_NUMBER_OBJECT_CONVERSION = YES_AGGRESSIVE;
				CLANG_CXX_LANGUAGE_STANDARD = "gnu++20";
				CLANG_ENABLE_MODULES = YES;
				CLANG_ENABLE_OBJC_ARC = YES;
				CLANG_ENABLE_OBJC_WEAK = YES;
				CLANG_WARN_BLOCK_CAPTURE_AUTORELEASING = YES;
				CLANG_WARN_BOOL_CONVERSION = YES;
				CLANG_WARN_COMMA = YES;
				CLANG_WARN_CONSTANT_CONVERSION = YES;
				CLANG_WARN_DEPRECATED_OBJC_IMPLEMENTATIONS = YES;
				CLANG_WARN_DIRECT_OBJC_ISA_USAGE = YES_ERROR;
				CLANG_WARN_DOCUMENTATION_COMMENTS = YES;
				CLANG_WARN_EMPTY_BODY = YES;
				CLANG_WARN_ENUM_CONVERSION = YES;
				CLANG_WARN_INFINITE_RECURSION = YES;
				CLANG_WARN_INT_CONVERSION = YES;
				CLANG_WARN_NON_LITERAL_NULL_CONVERSION = YES;
				CLANG_WARN_OBJC_IMPLICIT_RETAIN_SELF = YES;
				CLANG_WARN_OBJC_LITERAL_CONVERSION = YES;
				CLANG_WARN_OBJC_ROOT_CLASS = YES_ERROR;
				CLANG_WARN_QUOTED_INCLUDE_IN_FRAMEWORK_HEADER = YES;
				CLANG_WARN_RANGE_LOOP_ANALYSIS = YES;
				CLANG_WARN_STRICT_PROTOTYPES = YES;
				CLANG_WARN_SUSPICIOUS_MOVE = YES;
				CLANG_WARN_UNGUARDED_AVAILABILITY = YES_AGGRESSIVE;
				CLANG_WARN_UNREACHABLE_CODE = YES;
				CLANG_WARN__DUPLICATE_METHOD_MATCH = YES;
				COPY_PHASE_STRIP = NO;
				DEBUG_INFORMATION_FORMAT = dwarf;
				ENABLE_STRICT_OBJC_MSGSEND = YES;
				ENABLE_TESTABILITY = YES;
				ENABLE_USER_SCRIPT_SANDBOXING = YES;
				GCC_C_LANGUAGE_STANDARD = gnu17;
				GCC_DYNAMIC_NO_PIC = NO;
				GCC_NO_COMMON_BLOCKS = YES;
				GCC_OPTIMIZATION_LEVEL = 0;
				GCC_PREPROCESSOR_DEFINITIONS = (
					"DEBUG=1",
					"$(inherited)",
				);
				GCC_WARN_64_TO_32_BIT_CONVERSION = YES;
				GCC_WARN_ABOUT_RETURN_TYPE = YES_ERROR;
				GCC_WARN_UNDECLARED_SELECTOR = YES;
				GCC_WARN_UNINITIALIZED_AUTOS = YES_AGGRESSIVE;
				GCC_WARN_UNUSED_FUNCTION = YES;
				GCC_WARN_UNUSED_VARIABLE = YES;
				IPHONEOS_DEPLOYMENT_TARGET = 14.0;
				LOCALIZATION_PREFERS_STRING_CATALOGS = YES;
				MTL_ENABLE_DEBUG_INFO = INCLUDE_SOURCE;
				MTL_FAST_MATH = YES;
				ONLY_ACTIVE_ARCH = YES;
				SDKROOT = iphoneos;
				SWIFT_ACTIVE_COMPILATION_CONDITIONS = "DEBUG $(inherited)";
				SWIFT_OPTIMIZATION_LEVEL = "-Onone";
			};
			name = Debug;
		};
		3BB07A8C2C07596800D9E052 /* Release */ = {
			isa = XCBuildConfiguration;
			buildSettings = {
				ALWAYS_SEARCH_USER_PATHS = NO;
				ASSETCATALOG_COMPILER_GENERATE_SWIFT_ASSET_SYMBOL_EXTENSIONS = YES;
				CLANG_ANALYZER_NONNULL = YES;
				CLANG_ANALYZER_NUMBER_OBJECT_CONVERSION = YES_AGGRESSIVE;
				CLANG_CXX_LANGUAGE_STANDARD = "gnu++20";
				CLANG_ENABLE_MODULES = YES;
				CLANG_ENABLE_OBJC_ARC = YES;
				CLANG_ENABLE_OBJC_WEAK = YES;
				CLANG_WARN_BLOCK_CAPTURE_AUTORELEASING = YES;
				CLANG_WARN_BOOL_CONVERSION = YES;
				CLANG_WARN_COMMA = YES;
				CLANG_WARN_CONSTANT_CONVERSION = YES;
				CLANG_WARN_DEPRECATED_OBJC_IMPLEMENTATIONS = YES;
				CLANG_WARN_DIRECT_OBJC_ISA_USAGE = YES_ERROR;
				CLANG_WARN_DOCUMENTATION_COMMENTS = YES;
				CLANG_WARN_EMPTY_BODY = YES;
				CLANG_WARN_ENUM_CONVERSION = YES;
				CLANG_WARN_INFINITE_RECURSION = YES;
				CLANG_WARN_INT_CONVERSION = YES;
				CLANG_WARN_NON_LITERAL_NULL_CONVERSION = YES;
				CLANG_WARN_OBJC_IMPLICIT_RETAIN_SELF = YES;
				CLANG_WARN_OBJC_LITERAL_CONVERSION = YES;
				CLANG_WARN_OBJC_ROOT_CLASS = YES_ERROR;
				CLANG_WARN_QUOTED_INCLUDE_IN_FRAMEWORK_HEADER = YES;
				CLANG_WARN_RANGE_LOOP_ANALYSIS = YES;
				CLANG_WARN_STRICT_PROTOTYPES = YES;
				CLANG_WARN_SUSPICIOUS_MOVE = YES;
				CLANG_WARN_UNGUARDED_AVAILABILITY = YES_AGGRESSIVE;
				CLANG_WARN_UNREACHABLE_CODE = YES;
				CLANG_WARN__DUPLICATE_METHOD_MATCH = YES;
				COPY_PHASE_STRIP = NO;
				DEBUG_INFORMATION_FORMAT = "dwarf-with-dsym";
				ENABLE_NS_ASSERTIONS = NO;
				ENABLE_STRICT_OBJC_MSGSEND = YES;
				ENABLE_USER_SCRIPT_SANDBOXING = YES;
				GCC_C_LANGUAGE_STANDARD = gnu17;
				GCC_NO_COMMON_BLOCKS = YES;
				GCC_WARN_64_TO_32_BIT_CONVERSION = YES;
				GCC_WARN_ABOUT_RETURN_TYPE = YES_ERROR;
				GCC_WARN_UNDECLARED_SELECTOR = YES;
				GCC_WARN_UNINITIALIZED_AUTOS = YES_AGGRESSIVE;
				GCC_WARN_UNUSED_FUNCTION = YES;
				GCC_WARN_UNUSED_VARIABLE = YES;
				IPHONEOS_DEPLOYMENT_TARGET = 14.0;
				LOCALIZATION_PREFERS_STRING_CATALOGS = YES;
				MTL_ENABLE_DEBUG_INFO = NO;
				MTL_FAST_MATH = YES;
				SDKROOT = iphoneos;
				SWIFT_COMPILATION_MODE = wholemodule;
				VALIDATE_PRODUCT = YES;
			};
			name = Release;
		};
		3BB07A8E2C07596800D9E052 /* Debug */ = {
			isa = XCBuildConfiguration;
			buildSettings = {
				ASSETCATALOG_COMPILER_APPICON_NAME = AppIcon;
				ASSETCATALOG_COMPILER_GLOBAL_ACCENT_COLOR_NAME = AccentColor;
				ASSETCATALOG_COMPILER_INCLUDE_ALL_APPICON_ASSETS = YES;
				CODE_SIGN_STYLE = Automatic;
				CURRENT_PROJECT_VERSION = 1;
				DEVELOPMENT_TEAM = Z58377W4Y9;
				GENERATE_INFOPLIST_FILE = YES;
				INFOPLIST_FILE = DeltaCalendarIOS/Sources/ApplicationInfo.plist;
				INFOPLIST_KEY_CFBundleDisplayName = DeltaCalendarIOS;
				INFOPLIST_KEY_LSApplicationCategoryType = "public.app-category.developer-tools";
				INFOPLIST_KEY_UIApplicationSupportsIndirectInputEvents = YES;
				INFOPLIST_KEY_UILaunchStoryboardName = LaunchScreen.storyboard;
				INFOPLIST_KEY_UISupportedInterfaceOrientations = UIInterfaceOrientationPortrait;
				IPHONEOS_DEPLOYMENT_TARGET = 14.0;
				LD_RUNPATH_SEARCH_PATHS = (
					"$(inherited)",
					"@executable_path/Frameworks",
				);
				MARKETING_VERSION = 1.0;
				PRODUCT_BUNDLE_IDENTIFIER = ENDev.DeltaCalendarIOS;
				PRODUCT_NAME = "$(TARGET_NAME)";
				SUPPORTED_PLATFORMS = "iphoneos iphonesimulator";
				SUPPORTS_MACCATALYST = NO;
				SUPPORTS_MAC_DESIGNED_FOR_IPHONE_IPAD = NO;
				SUPPORTS_XR_DESIGNED_FOR_IPHONE_IPAD = NO;
				SWIFT_EMIT_LOC_STRINGS = YES;
				SWIFT_VERSION = 5.0;
				TARGETED_DEVICE_FAMILY = 1;
			};
			name = Debug;
		};
		3BB07A8F2C07596800D9E052 /* Release */ = {
			isa = XCBuildConfiguration;
			buildSettings = {
				ASSETCATALOG_COMPILER_APPICON_NAME = AppIcon;
				ASSETCATALOG_COMPILER_GLOBAL_ACCENT_COLOR_NAME = AccentColor;
				ASSETCATALOG_COMPILER_INCLUDE_ALL_APPICON_ASSETS = YES;
				CODE_SIGN_STYLE = Automatic;
				CURRENT_PROJECT_VERSION = 1;
				DEVELOPMENT_TEAM = Z58377W4Y9;
				GENERATE_INFOPLIST_FILE = YES;
				INFOPLIST_FILE = DeltaCalendarIOS/Sources/ApplicationInfo.plist;
				INFOPLIST_KEY_CFBundleDisplayName = DeltaCalendarIOS;
				INFOPLIST_KEY_LSApplicationCategoryType = "public.app-category.developer-tools";
				INFOPLIST_KEY_UIApplicationSupportsIndirectInputEvents = YES;
				INFOPLIST_KEY_UILaunchStoryboardName = LaunchScreen.storyboard;
				INFOPLIST_KEY_UISupportedInterfaceOrientations = UIInterfaceOrientationPortrait;
				IPHONEOS_DEPLOYMENT_TARGET = 14.0;
				LD_RUNPATH_SEARCH_PATHS = (
					"$(inherited)",
					"@executable_path/Frameworks",
				);
				MARKETING_VERSION = 1.0;
				PRODUCT_BUNDLE_IDENTIFIER = ENDev.DeltaCalendarIOS;
				PRODUCT_NAME = "$(TARGET_NAME)";
				SUPPORTED_PLATFORMS = "iphoneos iphonesimulator";
				SUPPORTS_MACCATALYST = NO;
				SUPPORTS_MAC_DESIGNED_FOR_IPHONE_IPAD = NO;
				SUPPORTS_XR_DESIGNED_FOR_IPHONE_IPAD = NO;
				SWIFT_EMIT_LOC_STRINGS = YES;
				SWIFT_VERSION = 5.0;
				TARGETED_DEVICE_FAMILY = 1;
			};
			name = Release;
		};
/* End XCBuildConfiguration section */

/* Begin XCConfigurationList section */
		3BB07A742C07596700D9E052 /* Build configuration list for PBXProject "DeltaCalendarIOS" */ = {
			isa = XCConfigurationList;
			buildConfigurations = (
				3BB07A8B2C07596800D9E052 /* Debug */,
				3BB07A8C2C07596800D9E052 /* Release */,
			);
			defaultConfigurationIsVisible = 0;
			defaultConfigurationName = Release;
		};
		3BB07A8D2C07596800D9E052 /* Build configuration list for PBXNativeTarget "DeltaCalendarIOS" */ = {
			isa = XCConfigurationList;
			buildConfigurations = (
				3BB07A8E2C07596800D9E052 /* Debug */,
				3BB07A8F2C07596800D9E052 /* Release */,
			);
			defaultConfigurationIsVisible = 0;
			defaultConfigurationName = Release;
		};
/* End XCConfigurationList section */

/* Begin XCRemoteSwiftPackageReference section */
		3BB07A962C075B9200D9E052 /* XCRemoteSwiftPackageReference "SnapKit" */ = {
			isa = XCRemoteSwiftPackageReference;
			repositoryURL = "https://github.com/SnapKit/SnapKit";
			requirement = {
				kind = upToNextMajorVersion;
				minimumVersion = 5.7.1;
			};
		};
/* End XCRemoteSwiftPackageReference section */

/* Begin XCSwiftPackageProductDependency section */
		3BB07A972C075B9200D9E052 /* SnapKit */ = {
			isa = XCSwiftPackageProductDependency;
			package = 3BB07A962C075B9200D9E052 /* XCRemoteSwiftPackageReference "SnapKit" */;
			productName = SnapKit;
		};
/* End XCSwiftPackageProductDependency section */
	};
	rootObject = 3BB07A712C07596700D9E052 /* Project object */;
}
